
Microsoft Visual Studio Solution File, Format Version 11.00
# Visual Studio 2010
Project("{FAE04EC0-301F-11D3-BF4B-00C04F79EFBC}") = "viva_finance", "viva_finance\viva_finance.csproj", "{5EFD0261-16B8-438C-B65D-B190CD635205}"
EndProject
Global
	GlobalSection(SolutionConfigurationPlatforms) = preSolution
		Debug|x86 = Debug|x86
		Release|x86 = Release|x86
	EndGlobalSection
	GlobalSection(ProjectConfigurationPlatforms) = postSolution
		{5EFD0261-16B8-438C-B65D-B190CD635205}.Debug|x86.ActiveCfg = Debug|x86
		{5EFD0261-16B8-438C-B65D-B190CD635205}.Debug|x86.Build.0 = Debug|x86
		{5EFD0261-16B8-438C-B65D-B190CD635205}.Release|x86.ActiveCfg = Release|x86
		{5EFD0261-16B8-438C-B65D-B190CD635205}.Release|x86.Build.0 = Release|x86
	EndGlobalSection
	GlobalSection(SolutionProperties) = preSolution
		HideSolutionNode = FALSE
	EndGlobalSection
EndGlobal
