
Microsoft Visual Studio Solution File, Format Version 12.00
# Visual Studio 2012
Project("{FAE04EC0-301F-11D3-BF4B-00C04F79EFBC}") = "automotives", "automotives\automotives.csproj", "{AFC09478-B753-4B17-8AC2-6B9CA4B348EB}"
EndProject
Global
	GlobalSection(SolutionConfigurationPlatforms) = preSolution
		Debug|Any CPU = Debug|Any CPU
		Release|Any CPU = Release|Any CPU
	EndGlobalSection
	GlobalSection(ProjectConfigurationPlatforms) = postSolution
		{AFC09478-B753-4B17-8AC2-6B9CA4B348EB}.Debug|Any CPU.ActiveCfg = Debug|Any CPU
		{AFC09478-B753-4B17-8AC2-6B9CA4B348EB}.Debug|Any CPU.Build.0 = Debug|Any CPU
		{AFC09478-B753-4B17-8AC2-6B9CA4B348EB}.Release|Any CPU.ActiveCfg = Release|Any CPU
		{AFC09478-B753-4B17-8AC2-6B9CA4B348EB}.Release|Any CPU.Build.0 = Release|Any CPU
	EndGlobalSection
	GlobalSection(SolutionProperties) = preSolution
		HideSolutionNode = FALSE
	EndGlobalSection
EndGlobal
